{
  "sources": {
    "papertrail-rsyslog": {
      "locked_version": "1.1.0",
      "git": "git://github.com/hipsnip-cookbooks/papertrail-rsyslog.git",
      "ref": "9a89c3e6e8711ec3f203a2e2a8774815967c104a"
    },
    "newrelic-sysmond": {
      "locked_version": "1.3.2"
    },
    "elasticsearch": {
      "locked_version": "0.2.7",
      "git": "git://github.com/elasticsearch/cookbook-elasticsearch.git",
      "ref": "ec04b4b6a4a950f96522d57c5e3cac17c5bfa58a"
    },
    "chef-jbossas7": {
      "locked_version": "0.0.1",
      "git": "git://github.com/wharton/chef-jbossas7.git",
      "ref": "75689b63730b0e88f5d39e9057d576f4fa873765"
    },
    "chef-mongodb": {
      "locked_version": "0.12.0",
      "git": "git://github.com/edelight/chef-mongodb.git",
      "ref": "5e0d2c8e081ee9bc434afebad7be215076c5e2bb"
    },
    "chef-mongodb-mms-agent": {
      "locked_version": "0.0.2",
      "git": "git://github.com/treasure-data/chef-mongodb-mms-agent.git",
      "ref": "9aedcede2fca182b9e6c0417ba6d312ea04ee669"
    },
    "nginx": {
      "locked_version": "1.6.0"
    },
    "apt": {
      "locked_version": "2.0.0"
    },
    "git": {
      "locked_version": "2.5.0"
    },
    "openssh": {
      "locked_version": "1.1.4"
    },
    "java": {
      "locked_version": "1.10.2"
    },
    "ntp": {
      "locked_version": "1.3.2"
    },
    "fail2ban": {
      "locked_version": "1.2.0"
    },
    "chef-solo-search": {
      "locked_version": "0.4.0",
      "git": "git://github.com/edelight/chef-solo-search.git",
      "ref": "1f79c1d86e85aa3a2b01e15f90755cf60eb66a4f"
    },
    "user": {
      "locked_version": "0.3.0"
    },
    "users": {
      "locked_version": "1.5.0"
    },
    "sudo": {
      "locked_version": "2.1.2"
    },
    "rsyslog": {
      "locked_version": "1.5.0"
    },
    "build-essential": {
      "locked_version": "1.4.2"
    },
    "xml": {
      "locked_version": "1.1.2"
    },
    "monit": {
      "locked_version": "0.7.1"
    },
    "ark": {
      "locked_version": "0.4.0"
    },
    "yum": {
      "locked_version": "2.3.2"
    },
    "python": {
      "locked_version": "1.4.0"
    },
    "runit": {
      "locked_version": "1.1.6"
    },
    "ohai": {
      "locked_version": "1.1.12"
    },
    "dmg": {
      "locked_version": "1.1.0"
    },
    "windows": {
      "locked_version": "1.8.10"
    },
    "chef_handler": {
      "locked_version": "1.1.4"
    }
  }
}
